
Microsoft Visual Studio Solution File, Format Version 12.00
# Visual Studio Version 17
VisualStudioVersion = 17.3.32929.385
MinimumVisualStudioVersion = 10.0.40219.1
Project("{FAE04EC0-301F-11D3-BF4B-00C04F79EFBC}") = "MyPracticeWebApplication", "MyPracticeWebApplication.csproj", "{46A793BE-F61D-42B3-AA7C-6F49051FA91A}"
EndProject
Global
	GlobalSection(SolutionConfigurationPlatforms) = preSolution
		Debug|Any CPU = Debug|Any CPU
		Release|Any CPU = Release|Any CPU
	EndGlobalSection
	GlobalSection(ProjectConfigurationPlatforms) = postSolution
		{46A793BE-F61D-42B3-AA7C-6F49051FA91A}.Debug|Any CPU.ActiveCfg = Debug|Any CPU
		{46A793BE-F61D-42B3-AA7C-6F49051FA91A}.Debug|Any CPU.Build.0 = Debug|Any CPU
		{46A793BE-F61D-42B3-AA7C-6F49051FA91A}.Release|Any CPU.ActiveCfg = Release|Any CPU
		{46A793BE-F61D-42B3-AA7C-6F49051FA91A}.Release|Any CPU.Build.0 = Release|Any CPU
	EndGlobalSection
	GlobalSection(SolutionProperties) = preSolution
		HideSolutionNode = FALSE
	EndGlobalSection
	GlobalSection(ExtensibilityGlobals) = postSolution
		SolutionGuid = {193279C7-0F7E-4E6A-BE09-E7A70920EF89}
	EndGlobalSection
EndGlobal
